
Microsoft Visual Studio Solution File, Format Version 12.00
# Visual Studio 14
VisualStudioVersion = 14.0.23107.0
MinimumVisualStudioVersion = 10.0.40219.1
Project("{FAE04EC0-301F-11D3-BF4B-00C04F79EFBC}") = "okboba.Web", "okboba\okboba.Web.csproj", "{E94F965A-3C50-443E-913F-40692BBDCA52}"
EndProject
Project("{FAE04EC0-301F-11D3-BF4B-00C04F79EFBC}") = "okboba.Web.Tests", "okboba.Tests\okboba.Web.Tests.csproj", "{86864455-DFD7-4833-B0C4-3D255848C47E}"
EndProject
Project("{FAE04EC0-301F-11D3-BF4B-00C04F79EFBC}") = "okboba.MatchApi", "okboba.MatchApi\okboba.MatchApi.csproj", "{70A4DD1B-815F-4A71-99F9-4BCCA29BC0C2}"
EndProject
Project("{FAE04EC0-301F-11D3-BF4B-00C04F79EFBC}") = "okboba.MatchApi.Tests", "okboba.MatchApi.Tests\okboba.MatchApi.Tests.csproj", "{4C0B9319-965A-4DC5-B692-FEDD216A8C31}"
EndProject
Project("{FAE04EC0-301F-11D3-BF4B-00C04F79EFBC}") = "okboba.Entities", "okboba.Entities\okboba.Entities.csproj", "{44883C0B-23DD-4AD4-9654-8C13631BA7D9}"
EndProject
Project("{FAE04EC0-301F-11D3-BF4B-00C04F79EFBC}") = "ConsoleApp", "ConsoleApp\ConsoleApp.csproj", "{C7F87236-46DF-4B1F-919E-F3129C0503B1}"
EndProject
Project("{FAE04EC0-301F-11D3-BF4B-00C04F79EFBC}") = "okboba.MatchLoader", "okboba.MatchLoader\okboba.MatchLoader.csproj", "{0072E31E-3D21-48AC-B76C-09A7634697F2}"
EndProject
Project("{FAE04EC0-301F-11D3-BF4B-00C04F79EFBC}") = "okboba.Resources", "okboba.Resources\okboba.Resources.csproj", "{7FB93755-0B4C-46E7-974C-BA68A4EC949F}"
EndProject
Project("{FAE04EC0-301F-11D3-BF4B-00C04F79EFBC}") = "okboba.Repository", "okboba.Repository\okboba.Repository.csproj", "{1B313364-E757-4197-9683-7ACB2C4A574B}"
EndProject
Global
	GlobalSection(SolutionConfigurationPlatforms) = preSolution
		Debug|Any CPU = Debug|Any CPU
		Release|Any CPU = Release|Any CPU
	EndGlobalSection
	GlobalSection(ProjectConfigurationPlatforms) = postSolution
		{E94F965A-3C50-443E-913F-40692BBDCA52}.Debug|Any CPU.ActiveCfg = Debug|Any CPU
		{E94F965A-3C50-443E-913F-40692BBDCA52}.Debug|Any CPU.Build.0 = Debug|Any CPU
		{E94F965A-3C50-443E-913F-40692BBDCA52}.Debug|Any CPU.Deploy.0 = Debug|Any CPU
		{E94F965A-3C50-443E-913F-40692BBDCA52}.Release|Any CPU.ActiveCfg = Release|Any CPU
		{E94F965A-3C50-443E-913F-40692BBDCA52}.Release|Any CPU.Build.0 = Release|Any CPU
		{86864455-DFD7-4833-B0C4-3D255848C47E}.Debug|Any CPU.ActiveCfg = Debug|Any CPU
		{86864455-DFD7-4833-B0C4-3D255848C47E}.Debug|Any CPU.Build.0 = Debug|Any CPU
		{86864455-DFD7-4833-B0C4-3D255848C47E}.Release|Any CPU.ActiveCfg = Release|Any CPU
		{86864455-DFD7-4833-B0C4-3D255848C47E}.Release|Any CPU.Build.0 = Release|Any CPU
		{70A4DD1B-815F-4A71-99F9-4BCCA29BC0C2}.Debug|Any CPU.ActiveCfg = Debug|Any CPU
		{70A4DD1B-815F-4A71-99F9-4BCCA29BC0C2}.Debug|Any CPU.Build.0 = Debug|Any CPU
		{70A4DD1B-815F-4A71-99F9-4BCCA29BC0C2}.Release|Any CPU.ActiveCfg = Release|Any CPU
		{70A4DD1B-815F-4A71-99F9-4BCCA29BC0C2}.Release|Any CPU.Build.0 = Release|Any CPU
		{4C0B9319-965A-4DC5-B692-FEDD216A8C31}.Debug|Any CPU.ActiveCfg = Debug|Any CPU
		{4C0B9319-965A-4DC5-B692-FEDD216A8C31}.Debug|Any CPU.Build.0 = Debug|Any CPU
		{4C0B9319-965A-4DC5-B692-FEDD216A8C31}.Release|Any CPU.ActiveCfg = Release|Any CPU
		{4C0B9319-965A-4DC5-B692-FEDD216A8C31}.Release|Any CPU.Build.0 = Release|Any CPU
		{44883C0B-23DD-4AD4-9654-8C13631BA7D9}.Debug|Any CPU.ActiveCfg = Debug|Any CPU
		{44883C0B-23DD-4AD4-9654-8C13631BA7D9}.Debug|Any CPU.Build.0 = Debug|Any CPU
		{44883C0B-23DD-4AD4-9654-8C13631BA7D9}.Release|Any CPU.ActiveCfg = Release|Any CPU
		{44883C0B-23DD-4AD4-9654-8C13631BA7D9}.Release|Any CPU.Build.0 = Release|Any CPU
		{C7F87236-46DF-4B1F-919E-F3129C0503B1}.Debug|Any CPU.ActiveCfg = Debug|Any CPU
		{C7F87236-46DF-4B1F-919E-F3129C0503B1}.Debug|Any CPU.Build.0 = Debug|Any CPU
		{C7F87236-46DF-4B1F-919E-F3129C0503B1}.Release|Any CPU.ActiveCfg = Release|Any CPU
		{C7F87236-46DF-4B1F-919E-F3129C0503B1}.Release|Any CPU.Build.0 = Release|Any CPU
		{0072E31E-3D21-48AC-B76C-09A7634697F2}.Debug|Any CPU.ActiveCfg = Debug|Any CPU
		{0072E31E-3D21-48AC-B76C-09A7634697F2}.Debug|Any CPU.Build.0 = Debug|Any CPU
		{0072E31E-3D21-48AC-B76C-09A7634697F2}.Release|Any CPU.ActiveCfg = Release|Any CPU
		{0072E31E-3D21-48AC-B76C-09A7634697F2}.Release|Any CPU.Build.0 = Release|Any CPU
		{7FB93755-0B4C-46E7-974C-BA68A4EC949F}.Debug|Any CPU.ActiveCfg = Debug|Any CPU
		{7FB93755-0B4C-46E7-974C-BA68A4EC949F}.Debug|Any CPU.Build.0 = Debug|Any CPU
		{7FB93755-0B4C-46E7-974C-BA68A4EC949F}.Release|Any CPU.ActiveCfg = Release|Any CPU
		{7FB93755-0B4C-46E7-974C-BA68A4EC949F}.Release|Any CPU.Build.0 = Release|Any CPU
		{1B313364-E757-4197-9683-7ACB2C4A574B}.Debug|Any CPU.ActiveCfg = Debug|Any CPU
		{1B313364-E757-4197-9683-7ACB2C4A574B}.Debug|Any CPU.Build.0 = Debug|Any CPU
		{1B313364-E757-4197-9683-7ACB2C4A574B}.Release|Any CPU.ActiveCfg = Release|Any CPU
		{1B313364-E757-4197-9683-7ACB2C4A574B}.Release|Any CPU.Build.0 = Release|Any CPU
	EndGlobalSection
	GlobalSection(SolutionProperties) = preSolution
		HideSolutionNode = FALSE
	EndGlobalSection
EndGlobal
